// !$*UTF8*$!
{
	archiveVersion = 1;
	classes = {
	};
	objectVersion = 46;
	objects = {

/* Begin PBXBuildFile section */
		65FDD5901685AC7D0093DAB2 /* UIKit.framework in Frameworks */ = {isa = PBXBuildFile; fileRef = 65FDD58F1685AC7D0093DAB2 /* UIKit.framework */; };
		65FDD5921685AC7D0093DAB2 /* Foundation.framework in Frameworks */ = {isa = PBXBuildFile; fileRef = 65FDD5911685AC7D0093DAB2 /* Foundation.framework */; };
		65FDD5941685AC7D0093DAB2 /* CoreGraphics.framework in Frameworks */ = {isa = PBXBuildFile; fileRef = 65FDD5931685AC7D0093DAB2 /* CoreGraphics.framework */; };
		65FDD59A1685AC7D0093DAB2 /* InfoPlist.strings in Resources */ = {isa = PBXBuildFile; fileRef = 65FDD5981685AC7D0093DAB2 /* InfoPlist.strings */; };
		65FDD59C1685AC7D0093DAB2 /* main.m in Sources */ = {isa = PBXBuildFile; fileRef = 65FDD59B1685AC7D0093DAB2 /* main.m */; };
		65FDD5A01685AC7D0093DAB2 /* AppDelegate.m in Sources */ = {isa = PBXBuildFile; fileRef = 65FDD59F1685AC7D0093DAB2 /* AppDelegate.m */; };
		65FDD5A81685AC7D0093DAB2 /* SenTestingKit.framework in Frameworks */ = {isa = PBXBuildFile; fileRef = 65FDD5A71685AC7D0093DAB2 /* SenTestingKit.framework */; };
		65FDD5A91685AC7D0093DAB2 /* UIKit.framework in Frameworks */ = {isa = PBXBuildFile; fileRef = 65FDD58F1685AC7D0093DAB2 /* UIKit.framework */; };
		65FDD5AA1685AC7D0093DAB2 /* Foundation.framework in Frameworks */ = {isa = PBXBuildFile; fileRef = 65FDD5911685AC7D0093DAB2 /* Foundation.framework */; };
		65FDD5B21685AC7D0093DAB2 /* InfoPlist.strings in Resources */ = {isa = PBXBuildFile; fileRef = 65FDD5B01685AC7D0093DAB2 /* InfoPlist.strings */; };
		65FDD5B51685AC7D0093DAB2 /* wacoolDsjTests.m in Sources */ = {isa = PBXBuildFile; fileRef = 65FDD5B41685AC7D0093DAB2 /* wacoolDsjTests.m */; };
/* End PBXBuildFile section */

/* Begin PBXContainerItemProxy section */
		65FDD5AB1685AC7D0093DAB2 /* PBXContainerItemProxy */ = {
			isa = PBXContainerItemProxy;
			containerPortal = 65FDD5821685AC7D0093DAB2 /* Project object */;
			proxyType = 1;
			remoteGlobalIDString = 65FDD58A1685AC7D0093DAB2;
			remoteInfo = wacoolDsj;
		};
/* End PBXContainerItemProxy section */

/* Begin PBXFileReference section */
		65FDD58B1685AC7D0093DAB2 /* wacoolDsj.app */ = {isa = PBXFileReference; explicitFileType = wrapper.application; includeInIndex = 0; path = wacoolDsj.app; sourceTree = BUILT_PRODUCTS_DIR; };
		65FDD58F1685AC7D0093DAB2 /* UIKit.framework */ = {isa = PBXFileReference; lastKnownFileType = wrapper.framework; name = UIKit.framework; path = System/Library/Frameworks/UIKit.framework; sourceTree = SDKROOT; };
		65FDD5911685AC7D0093DAB2 /* Foundation.framework */ = {isa = PBXFileReference; lastKnownFileType = wrapper.framework; name = Foundation.framework; path = System/Library/Frameworks/Foundation.framework; sourceTree = SDKROOT; };
		65FDD5931685AC7D0093DAB2 /* CoreGraphics.framework */ = {isa = PBXFileReference; lastKnownFileType = wrapper.framework; name = CoreGraphics.framework; path = System/Library/Frameworks/CoreGraphics.framework; sourceTree = SDKROOT; };
		65FDD5971685AC7D0093DAB2 /* wacoolDsj-Info.plist */ = {isa = PBXFileReference; lastKnownFileType = text.plist.xml; path = "wacoolDsj-Info.plist"; sourceTree = "<group>"; };
		65FDD5991685AC7D0093DAB2 /* en */ = {isa = PBXFileReference; lastKnownFileType = text.plist.strings; name = en; path = en.lproj/InfoPlist.strings; sourceTree = "<group>"; };
		65FDD59B1685AC7D0093DAB2 /* main.m */ = {isa = PBXFileReference; lastKnownFileType = sourcecode.c.objc; path = main.m; sourceTree = "<group>"; };
		65FDD59D1685AC7D0093DAB2 /* wacoolDsj-Prefix.pch */ = {isa = PBXFileReference; lastKnownFileType = sourcecode.c.h; path = "wacoolDsj-Prefix.pch"; sourceTree = "<group>"; };
		65FDD59E1685AC7D0093DAB2 /* AppDelegate.h */ = {isa = PBXFileReference; lastKnownFileType = sourcecode.c.h; path = AppDelegate.h; sourceTree = "<group>"; };
		65FDD59F1685AC7D0093DAB2 /* AppDelegate.m */ = {isa = PBXFileReference; lastKnownFileType = sourcecode.c.objc; path = AppDelegate.m; sourceTree = "<group>"; };
		65FDD5A61685AC7D0093DAB2 /* wacoolDsjTests.octest */ = {isa = PBXFileReference; explicitFileType = wrapper.cfbundle; includeInIndex = 0; path = wacoolDsjTests.octest; sourceTree = BUILT_PRODUCTS_DIR; };
		65FDD5A71685AC7D0093DAB2 /* SenTestingKit.framework */ = {isa = PBXFileReference; lastKnownFileType = wrapper.framework; name = SenTestingKit.framework; path = Library/Frameworks/SenTestingKit.framework; sourceTree = DEVELOPER_DIR; };
		65FDD5AF1685AC7D0093DAB2 /* wacoolDsjTests-Info.plist */ = {isa = PBXFileReference; lastKnownFileType = text.plist.xml; path = "wacoolDsjTests-Info.plist"; sourceTree = "<group>"; };
		65FDD5B11685AC7D0093DAB2 /* en */ = {isa = PBXFileReference; lastKnownFileType = text.plist.strings; name = en; path = en.lproj/InfoPlist.strings; sourceTree = "<group>"; };
		65FDD5B31685AC7D0093DAB2 /* wacoolDsjTests.h */ = {isa = PBXFileReference; lastKnownFileType = sourcecode.c.h; path = wacoolDsjTests.h; sourceTree = "<group>"; };
		65FDD5B41685AC7D0093DAB2 /* wacoolDsjTests.m */ = {isa = PBXFileReference; lastKnownFileType = sourcecode.c.objc; path = wacoolDsjTests.m; sourceTree = "<group>"; };
/* End PBXFileReference section */

/* Begin PBXFrameworksBuildPhase section */
		65FDD5881685AC7D0093DAB2 /* Frameworks */ = {
			isa = PBXFrameworksBuildPhase;
			buildActionMask = 2147483647;
			files = (
				65FDD5901685AC7D0093DAB2 /* UIKit.framework in Frameworks */,
				65FDD5921685AC7D0093DAB2 /* Foundation.framework in Frameworks */,
				65FDD5941685AC7D0093DAB2 /* CoreGraphics.framework in Frameworks */,
			);
			runOnlyForDeploymentPostprocessing = 0;
		};
		65FDD5A21685AC7D0093DAB2 /* Frameworks */ = {
			isa = PBXFrameworksBuildPhase;
			buildActionMask = 2147483647;
			files = (
				65FDD5A81685AC7D0093DAB2 /* SenTestingKit.framework in Frameworks */,
				65FDD5A91685AC7D0093DAB2 /* UIKit.framework in Frameworks */,
				65FDD5AA1685AC7D0093DAB2 /* Foundation.framework in Frameworks */,
			);
			runOnlyForDeploymentPostprocessing = 0;
		};
/* End PBXFrameworksBuildPhase section */

/* Begin PBXGroup section */
		65FDD5801685AC7D0093DAB2 = {
			isa = PBXGroup;
			children = (
				65FDD5951685AC7D0093DAB2 /* wacoolDsj */,
				65FDD5AD1685AC7D0093DAB2 /* wacoolDsjTests */,
				65FDD58E1685AC7D0093DAB2 /* Frameworks */,
				65FDD58C1685AC7D0093DAB2 /* Products */,
			);
			sourceTree = "<group>";
		};
		65FDD58C1685AC7D0093DAB2 /* Products */ = {
			isa = PBXGroup;
			children = (
				65FDD58B1685AC7D0093DAB2 /* wacoolDsj.app */,
				65FDD5A61685AC7D0093DAB2 /* wacoolDsjTests.octest */,
			);
			name = Products;
			sourceTree = "<group>";
		};
		65FDD58E1685AC7D0093DAB2 /* Frameworks */ = {
			isa = PBXGroup;
			children = (
				65FDD58F1685AC7D0093DAB2 /* UIKit.framework */,
				65FDD5911685AC7D0093DAB2 /* Foundation.framework */,
				65FDD5931685AC7D0093DAB2 /* CoreGraphics.framework */,
				65FDD5A71685AC7D0093DAB2 /* SenTestingKit.framework */,
			);
			name = Frameworks;
			sourceTree = "<group>";
		};
		65FDD5951685AC7D0093DAB2 /* wacoolDsj */ = {
			isa = PBXGroup;
			children = (
				65FDD59E1685AC7D0093DAB2 /* AppDelegate.h */,
				65FDD59F1685AC7D0093DAB2 /* AppDelegate.m */,
				65FDD5961685AC7D0093DAB2 /* Supporting Files */,
			);
			path = wacoolDsj;
			sourceTree = "<group>";
		};
		65FDD5961685AC7D0093DAB2 /* Supporting Files */ = {
			isa = PBXGroup;
			children = (
				65FDD5971685AC7D0093DAB2 /* wacoolDsj-Info.plist */,
				65FDD5981685AC7D0093DAB2 /* InfoPlist.strings */,
				65FDD59B1685AC7D0093DAB2 /* main.m */,
				65FDD59D1685AC7D0093DAB2 /* wacoolDsj-Prefix.pch */,
			);
			name = "Supporting Files";
			sourceTree = "<group>";
		};
		65FDD5AD1685AC7D0093DAB2 /* wacoolDsjTests */ = {
			isa = PBXGroup;
			children = (
				65FDD5B31685AC7D0093DAB2 /* wacoolDsjTests.h */,
				65FDD5B41685AC7D0093DAB2 /* wacoolDsjTests.m */,
				65FDD5AE1685AC7D0093DAB2 /* Supporting Files */,
			);
			path = wacoolDsjTests;
			sourceTree = "<group>";
		};
		65FDD5AE1685AC7D0093DAB2 /* Supporting Files */ = {
			isa = PBXGroup;
			children = (
				65FDD5AF1685AC7D0093DAB2 /* wacoolDsjTests-Info.plist */,
				65FDD5B01685AC7D0093DAB2 /* InfoPlist.strings */,
			);
			name = "Supporting Files";
			sourceTree = "<group>";
		};
/* End PBXGroup section */

/* Begin PBXNativeTarget section */
		65FDD58A1685AC7D0093DAB2 /* wacoolDsj */ = {
			isa = PBXNativeTarget;
			buildConfigurationList = 65FDD5B81685AC7D0093DAB2 /* Build configuration list for PBXNativeTarget "wacoolDsj" */;
			buildPhases = (
				65FDD5871685AC7D0093DAB2 /* Sources */,
				65FDD5881685AC7D0093DAB2 /* Frameworks */,
				65FDD5891685AC7D0093DAB2 /* Resources */,
			);
			buildRules = (
			);
			dependencies = (
			);
			name = wacoolDsj;
			productName = wacoolDsj;
			productReference = 65FDD58B1685AC7D0093DAB2 /* wacoolDsj.app */;
			productType = "com.apple.product-type.application";
		};
		65FDD5A51685AC7D0093DAB2 /* wacoolDsjTests */ = {
			isa = PBXNativeTarget;
			buildConfigurationList = 65FDD5BB1685AC7D0093DAB2 /* Build configuration list for PBXNativeTarget "wacoolDsjTests" */;
			buildPhases = (
				65FDD5A11685AC7D0093DAB2 /* Sources */,
				65FDD5A21685AC7D0093DAB2 /* Frameworks */,
				65FDD5A31685AC7D0093DAB2 /* Resources */,
				65FDD5A41685AC7D0093DAB2 /* ShellScript */,
			);
			buildRules = (
			);
			dependencies = (
				65FDD5AC1685AC7D0093DAB2 /* PBXTargetDependency */,
			);
			name = wacoolDsjTests;
			productName = wacoolDsjTests;
			productReference = 65FDD5A61685AC7D0093DAB2 /* wacoolDsjTests.octest */;
			productType = "com.apple.product-type.bundle";
		};
/* End PBXNativeTarget section */

/* Begin PBXProject section */
		65FDD5821685AC7D0093DAB2 /* Project object */ = {
			isa = PBXProject;
			attributes = {
				LastUpgradeCheck = 0440;
				ORGANIZATIONNAME = dengshengjin;
			};
			buildConfigurationList = 65FDD5851685AC7D0093DAB2 /* Build configuration list for PBXProject "wacoolDsj" */;
			compatibilityVersion = "Xcode 3.2";
			developmentRegion = English;
			hasScannedForEncodings = 0;
			knownRegions = (
				en,
			);
			mainGroup = 65FDD5801685AC7D0093DAB2;
			productRefGroup = 65FDD58C1685AC7D0093DAB2 /* Products */;
			projectDirPath = "";
			projectRoot = "";
			targets = (
				65FDD58A1685AC7D0093DAB2 /* wacoolDsj */,
				65FDD5A51685AC7D0093DAB2 /* wacoolDsjTests */,
			);
		};
/* End PBXProject section */

/* Begin PBXResourcesBuildPhase section */
		65FDD5891685AC7D0093DAB2 /* Resources */ = {
			isa = PBXResourcesBuildPhase;
			buildActionMask = 2147483647;
			files = (
				65FDD59A1685AC7D0093DAB2 /* InfoPlist.strings in Resources */,
			);
			runOnlyForDeploymentPostprocessing = 0;
		};
		65FDD5A31685AC7D0093DAB2 /* Resources */ = {
			isa = PBXResourcesBuildPhase;
			buildActionMask = 2147483647;
			files = (
				65FDD5B21685AC7D0093DAB2 /* InfoPlist.strings in Resources */,
			);
			runOnlyForDeploymentPostprocessing = 0;
		};
/* End PBXResourcesBuildPhase section */

/* Begin PBXShellScriptBuildPhase section */
		65FDD5A41685AC7D0093DAB2 /* ShellScript */ = {
			isa = PBXShellScriptBuildPhase;
			buildActionMask = 2147483647;
			files = (
			);
			inputPaths = (
			);
			outputPaths = (
			);
			runOnlyForDeploymentPostprocessing = 0;
			shellPath = /bin/sh;
			shellScript = "# Run the unit tests in this test bundle.\n\"${SYSTEM_DEVELOPER_DIR}/Tools/RunUnitTests\"\n";
		};
/* End PBXShellScriptBuildPhase section */

/* Begin PBXSourcesBuildPhase section */
		65FDD5871685AC7D0093DAB2 /* Sources */ = {
			isa = PBXSourcesBuildPhase;
			buildActionMask = 2147483647;
			files = (
				65FDD59C1685AC7D0093DAB2 /* main.m in Sources */,
				65FDD5A01685AC7D0093DAB2 /* AppDelegate.m in Sources */,
			);
			runOnlyForDeploymentPostprocessing = 0;
		};
		65FDD5A11685AC7D0093DAB2 /* Sources */ = {
			isa = PBXSourcesBuildPhase;
			buildActionMask = 2147483647;
			files = (
				65FDD5B51685AC7D0093DAB2 /* wacoolDsjTests.m in Sources */,
			);
			runOnlyForDeploymentPostprocessing = 0;
		};
/* End PBXSourcesBuildPhase section */

/* Begin PBXTargetDependency section */
		65FDD5AC1685AC7D0093DAB2 /* PBXTargetDependency */ = {
			isa = PBXTargetDependency;
			target = 65FDD58A1685AC7D0093DAB2 /* wacoolDsj */;
			targetProxy = 65FDD5AB1685AC7D0093DAB2 /* PBXContainerItemProxy */;
		};
/* End PBXTargetDependency section */

/* Begin PBXVariantGroup section */
		65FDD5981685AC7D0093DAB2 /* InfoPlist.strings */ = {
			isa = PBXVariantGroup;
			children = (
				65FDD5991685AC7D0093DAB2 /* en */,
			);
			name = InfoPlist.strings;
			sourceTree = "<group>";
		};
		65FDD5B01685AC7D0093DAB2 /* InfoPlist.strings */ = {
			isa = PBXVariantGroup;
			children = (
				65FDD5B11685AC7D0093DAB2 /* en */,
			);
			name = InfoPlist.strings;
			sourceTree = "<group>";
		};
/* End PBXVariantGroup section */

/* Begin XCBuildConfiguration section */
		65FDD5B61685AC7D0093DAB2 /* Debug */ = {
			isa = XCBuildConfiguration;
			buildSettings = {
				ALWAYS_SEARCH_USER_PATHS = NO;
				ARCHS = "$(ARCHS_STANDARD_32_BIT)";
				CLANG_CXX_LANGUAGE_STANDARD = "gnu++0x";
				CLANG_ENABLE_OBJC_ARC = YES;
				CLANG_WARN__DUPLICATE_METHOD_MATCH = YES;
				"CODE_SIGN_IDENTITY[sdk=iphoneos*]" = "iPhone Developer";
				COPY_PHASE_STRIP = NO;
				GCC_C_LANGUAGE_STANDARD = gnu99;
				GCC_DYNAMIC_NO_PIC = NO;
				GCC_OPTIMIZATION_LEVEL = 0;
				GCC_PREPROCESSOR_DEFINITIONS = (
					"DEBUG=1",
					"$(inherited)",
				);
				GCC_SYMBOLS_PRIVATE_EXTERN = NO;
				GCC_VERSION = com.apple.compilers.llvm.clang.1_0;
				GCC_WARN_ABOUT_RETURN_TYPE = YES;
				GCC_WARN_UNINITIALIZED_AUTOS = YES;
				GCC_WARN_UNUSED_VARIABLE = YES;
				IPHONEOS_DEPLOYMENT_TARGET = 5.1;
				SDKROOT = iphoneos;
				TARGETED_DEVICE_FAMILY = 2;
			};
			name = Debug;
		};
		65FDD5B71685AC7D0093DAB2 /* Release */ = {
			isa = XCBuildConfiguration;
			buildSettings = {
				ALWAYS_SEARCH_USER_PATHS = NO;
				ARCHS = "$(ARCHS_STANDARD_32_BIT)";
				CLANG_CXX_LANGUAGE_STANDARD = "gnu++0x";
				CLANG_ENABLE_OBJC_ARC = YES;
				CLANG_WARN__DUPLICATE_METHOD_MATCH = YES;
				"CODE_SIGN_IDENTITY[sdk=iphoneos*]" = "iPhone Developer";
				COPY_PHASE_STRIP = YES;
				GCC_C_LANGUAGE_STANDARD = gnu99;
				GCC_VERSION = com.apple.compilers.llvm.clang.1_0;
				GCC_WARN_ABOUT_RETURN_TYPE = YES;
				GCC_WARN_UNINITIALIZED_AUTOS = YES;
				GCC_WARN_UNUSED_VARIABLE = YES;
				IPHONEOS_DEPLOYMENT_TARGET = 5.1;
				OTHER_CFLAGS = "-DNS_BLOCK_ASSERTIONS=1";
				SDKROOT = iphoneos;
				TARGETED_DEVICE_FAMILY = 2;
				VALIDATE_PRODUCT = YES;
			};
			name = Release;
		};
		65FDD5B91685AC7D0093DAB2 /* Debug */ = {
			isa = XCBuildConfiguration;
			buildSettings = {
				GCC_PRECOMPILE_PREFIX_HEADER = YES;
				GCC_PREFIX_HEADER = "wacoolDsj/wacoolDsj-Prefix.pch";
				INFOPLIST_FILE = "wacoolDsj/wacoolDsj-Info.plist";
				PRODUCT_NAME = "$(TARGET_NAME)";
				WRAPPER_EXTENSION = app;
			};
			name = Debug;
		};
		65FDD5BA1685AC7D0093DAB2 /* Release */ = {
			isa = XCBuildConfiguration;
			buildSettings = {
				GCC_PRECOMPILE_PREFIX_HEADER = YES;
				GCC_PREFIX_HEADER = "wacoolDsj/wacoolDsj-Prefix.pch";
				INFOPLIST_FILE = "wacoolDsj/wacoolDsj-Info.plist";
				PRODUCT_NAME = "$(TARGET_NAME)";
				WRAPPER_EXTENSION = app;
			};
			name = Release;
		};
		65FDD5BC1685AC7D0093DAB2 /* Debug */ = {
			isa = XCBuildConfiguration;
			buildSettings = {
				BUNDLE_LOADER = "$(BUILT_PRODUCTS_DIR)/wacoolDsj.app/wacoolDsj";
				FRAMEWORK_SEARCH_PATHS = (
					"\"$(SDKROOT)/Developer/Library/Frameworks\"",
					"\"$(DEVELOPER_LIBRARY_DIR)/Frameworks\"",
				);
				GCC_PRECOMPILE_PREFIX_HEADER = YES;
				GCC_PREFIX_HEADER = "wacoolDsj/wacoolDsj-Prefix.pch";
				INFOPLIST_FILE = "wacoolDsjTests/wacoolDsjTests-Info.plist";
				PRODUCT_NAME = "$(TARGET_NAME)";
				TEST_HOST = "$(BUNDLE_LOADER)";
				WRAPPER_EXTENSION = octest;
			};
			name = Debug;
		};
		65FDD5BD1685AC7D0093DAB2 /* Release */ = {
			isa = XCBuildConfiguration;
			buildSettings = {
				BUNDLE_LOADER = "$(BUILT_PRODUCTS_DIR)/wacoolDsj.app/wacoolDsj";
				FRAMEWORK_SEARCH_PATHS = (
					"\"$(SDKROOT)/Developer/Library/Frameworks\"",
					"\"$(DEVELOPER_LIBRARY_DIR)/Frameworks\"",
				);
				GCC_PRECOMPILE_PREFIX_HEADER = YES;
				GCC_PREFIX_HEADER = "wacoolDsj/wacoolDsj-Prefix.pch";
				INFOPLIST_FILE = "wacoolDsjTests/wacoolDsjTests-Info.plist";
				PRODUCT_NAME = "$(TARGET_NAME)";
				TEST_HOST = "$(BUNDLE_LOADER)";
				WRAPPER_EXTENSION = octest;
			};
			name = Release;
		};
/* End XCBuildConfiguration section */

/* Begin XCConfigurationList section */
		65FDD5851685AC7D0093DAB2 /* Build configuration list for PBXProject "wacoolDsj" */ = {
			isa = XCConfigurationList;
			buildConfigurations = (
				65FDD5B61685AC7D0093DAB2 /* Debug */,
				65FDD5B71685AC7D0093DAB2 /* Release */,
			);
			defaultConfigurationIsVisible = 0;
			defaultConfigurationName = Release;
		};
		65FDD5B81685AC7D0093DAB2 /* Build configuration list for PBXNativeTarget "wacoolDsj" */ = {
			isa = XCConfigurationList;
			buildConfigurations = (
				65FDD5B91685AC7D0093DAB2 /* Debug */,
				65FDD5BA1685AC7D0093DAB2 /* Release */,
			);
			defaultConfigurationIsVisible = 0;
		};
		65FDD5BB1685AC7D0093DAB2 /* Build configuration list for PBXNativeTarget "wacoolDsjTests" */ = {
			isa = XCConfigurationList;
			buildConfigurations = (
				65FDD5BC1685AC7D0093DAB2 /* Debug */,
				65FDD5BD1685AC7D0093DAB2 /* Release */,
			);
			defaultConfigurationIsVisible = 0;
		};
/* End XCConfigurationList section */
	};
	rootObject = 65FDD5821685AC7D0093DAB2 /* Project object */;
}
